%{
  "floki": {:hex, :floki, "0.27.0", "6b29a14283f1e2e8fad824bc930eaa9477c462022075df6bea8f0ad811c13599", [:mix], [{:html_entities, "~> 0.5.0", [hex: :html_entities, repo: "hexpm", optional: false]}], "hexpm", "583b8c13697c37179f1f82443bcc7ad2f76fbc0bf4c186606eebd658f7f2631b"},
  "html_entities": {:hex, :html_entities, "0.5.1", "1c9715058b42c35a2ab65edc5b36d0ea66dd083767bef6e3edb57870ef556549", [:mix], [], "hexpm", "30efab070904eb897ff05cd52fa61c1025d7f8ef3a9ca250bc4e6513d16c32de"},
}
